
Microsoft Visual Studio Solution File, Format Version 12.00
# Visual Studio Version 17
VisualStudioVersion = 17.7.34031.279
MinimumVisualStudioVersion = 10.0.40219.1
Project("{FAE04EC0-301F-11D3-BF4B-00C04F79EFBC}") = "Fitness.BL(Model&Logic)", "Fitness.BL(Model&Logic)\Fitness.BL(Model&Logic).csproj", "{D516CF1D-64F0-4F98-9513-15A8BBD1B5D7}"
EndProject
Project("{FAE04EC0-301F-11D3-BF4B-00C04F79EFBC}") = "FitnessCMD", "FitnessCMD\FitnessCMD.csproj", "{F0AB5518-1B73-4CDC-BADB-F8449747D10E}"
EndProject
Global
	GlobalSection(SolutionConfigurationPlatforms) = preSolution
		Debug|Any CPU = Debug|Any CPU
		Release|Any CPU = Release|Any CPU
	EndGlobalSection
	GlobalSection(ProjectConfigurationPlatforms) = postSolution
		{D516CF1D-64F0-4F98-9513-15A8BBD1B5D7}.Debug|Any CPU.ActiveCfg = Debug|Any CPU
		{D516CF1D-64F0-4F98-9513-15A8BBD1B5D7}.Debug|Any CPU.Build.0 = Debug|Any CPU
		{D516CF1D-64F0-4F98-9513-15A8BBD1B5D7}.Release|Any CPU.ActiveCfg = Release|Any CPU
		{D516CF1D-64F0-4F98-9513-15A8BBD1B5D7}.Release|Any CPU.Build.0 = Release|Any CPU
		{F0AB5518-1B73-4CDC-BADB-F8449747D10E}.Debug|Any CPU.ActiveCfg = Debug|Any CPU
		{F0AB5518-1B73-4CDC-BADB-F8449747D10E}.Debug|Any CPU.Build.0 = Debug|Any CPU
		{F0AB5518-1B73-4CDC-BADB-F8449747D10E}.Release|Any CPU.ActiveCfg = Release|Any CPU
		{F0AB5518-1B73-4CDC-BADB-F8449747D10E}.Release|Any CPU.Build.0 = Release|Any CPU
	EndGlobalSection
	GlobalSection(SolutionProperties) = preSolution
		HideSolutionNode = FALSE
	EndGlobalSection
	GlobalSection(ExtensibilityGlobals) = postSolution
		SolutionGuid = {ACFD0999-1F32-4A36-9478-36DDC946ED0D}
	EndGlobalSection
EndGlobal
